// !$*UTF8*$!
{
	archiveVersion = 1;
	classes = {
	};
	objectVersion = 46;
	objects = {

/* Begin PBXBuildFile section */
		BAAB39FF1A94DEB100F6E561 /* main.m in Sources */ = {isa = PBXBuildFile; fileRef = BAAB39FE1A94DEB100F6E561 /* main.m */; };
		BAAB3A021A94DEB100F6E561 /* AppDelegate.m in Sources */ = {isa = PBXBuildFile; fileRef = BAAB3A011A94DEB100F6E561 /* AppDelegate.m */; };
		BAAB3A051A94DEB100F6E561 /* ViewController.m in Sources */ = {isa = PBXBuildFile; fileRef = BAAB3A041A94DEB100F6E561 /* ViewController.m */; };
		BAAB3A081A94DEB100F6E561 /* Main.storyboard in Resources */ = {isa = PBXBuildFile; fileRef = BAAB3A061A94DEB100F6E561 /* Main.storyboard */; };
		BAAB3A0A1A94DEB100F6E561 /* Images.xcassets in Resources */ = {isa = PBXBuildFile; fileRef = BAAB3A091A94DEB100F6E561 /* Images.xcassets */; };
		BAAB3A0D1A94DEB100F6E561 /* LaunchScreen.xib in Resources */ = {isa = PBXBuildFile; fileRef = BAAB3A0B1A94DEB100F6E561 /* LaunchScreen.xib */; };
		BAAB3A191A94DEB200F6E561 /* AGDefinesExamplesTests.m in Sources */ = {isa = PBXBuildFile; fileRef = BAAB3A181A94DEB200F6E561 /* AGDefinesExamplesTests.m */; };
/* End PBXBuildFile section */

/* Begin PBXContainerItemProxy section */
		BAAB3A131A94DEB200F6E561 /* PBXContainerItemProxy */ = {
			isa = PBXContainerItemProxy;
			containerPortal = BAAB39F11A94DEB100F6E561 /* Project object */;
			proxyType = 1;
			remoteGlobalIDString = BAAB39F81A94DEB100F6E561;
			remoteInfo = AGDefinesExamples;
		};
/* End PBXContainerItemProxy section */

/* Begin PBXFileReference section */
		BAAB39F91A94DEB100F6E561 /* AGDefinesExamples.app */ = {isa = PBXFileReference; explicitFileType = wrapper.application; includeInIndex = 0; path = AGDefinesExamples.app; sourceTree = BUILT_PRODUCTS_DIR; };
		BAAB39FD1A94DEB100F6E561 /* Info.plist */ = {isa = PBXFileReference; lastKnownFileType = text.plist.xml; path = Info.plist; sourceTree = "<group>"; };
		BAAB39FE1A94DEB100F6E561 /* main.m */ = {isa = PBXFileReference; lastKnownFileType = sourcecode.c.objc; path = main.m; sourceTree = "<group>"; };
		BAAB3A001A94DEB100F6E561 /* AppDelegate.h */ = {isa = PBXFileReference; lastKnownFileType = sourcecode.c.h; path = AppDelegate.h; sourceTree = "<group>"; };
		BAAB3A011A94DEB100F6E561 /* AppDelegate.m */ = {isa = PBXFileReference; lastKnownFileType = sourcecode.c.objc; path = AppDelegate.m; sourceTree = "<group>"; };
		BAAB3A031A94DEB100F6E561 /* ViewController.h */ = {isa = PBXFileReference; lastKnownFileType = sourcecode.c.h; path = ViewController.h; sourceTree = "<group>"; };
		BAAB3A041A94DEB100F6E561 /* ViewController.m */ = {isa = PBXFileReference; lastKnownFileType = sourcecode.c.objc; path = ViewController.m; sourceTree = "<group>"; };
		BAAB3A071A94DEB100F6E561 /* Base */ = {isa = PBXFileReference; lastKnownFileType = file.storyboard; name = Base; path = Base.lproj/Main.storyboard; sourceTree = "<group>"; };
		BAAB3A091A94DEB100F6E561 /* Images.xcassets */ = {isa = PBXFileReference; lastKnownFileType = folder.assetcatalog; path = Images.xcassets; sourceTree = "<group>"; };
		BAAB3A0C1A94DEB100F6E561 /* Base */ = {isa = PBXFileReference; lastKnownFileType = file.xib; name = Base; path = Base.lproj/LaunchScreen.xib; sourceTree = "<group>"; };
		BAAB3A121A94DEB200F6E561 /* AGDefinesExamplesTests.xctest */ = {isa = PBXFileReference; explicitFileType = wrapper.cfbundle; includeInIndex = 0; path = AGDefinesExamplesTests.xctest; sourceTree = BUILT_PRODUCTS_DIR; };
		BAAB3A171A94DEB200F6E561 /* Info.plist */ = {isa = PBXFileReference; lastKnownFileType = text.plist.xml; path = Info.plist; sourceTree = "<group>"; };
		BAAB3A181A94DEB200F6E561 /* AGDefinesExamplesTests.m */ = {isa = PBXFileReference; lastKnownFileType = sourcecode.c.objc; path = AGDefinesExamplesTests.m; sourceTree = "<group>"; };
		BAAB3A231A94DF0200F6E561 /* AGDefines.h */ = {isa = PBXFileReference; lastKnownFileType = sourcecode.c.h; path = AGDefines.h; sourceTree = "<group>"; };
/* End PBXFileReference section */

/* Begin PBXFrameworksBuildPhase section */
		BAAB39F61A94DEB100F6E561 /* Frameworks */ = {
			isa = PBXFrameworksBuildPhase;
			buildActionMask = 2147483647;
			files = (
			);
			runOnlyForDeploymentPostprocessing = 0;
		};
		BAAB3A0F1A94DEB200F6E561 /* Frameworks */ = {
			isa = PBXFrameworksBuildPhase;
			buildActionMask = 2147483647;
			files = (
			);
			runOnlyForDeploymentPostprocessing = 0;
		};
/* End PBXFrameworksBuildPhase section */

/* Begin PBXGroup section */
		BAAB39F01A94DEB100F6E561 = {
			isa = PBXGroup;
			children = (
				BAAB3A221A94DEF600F6E561 /* AGDefines */,
				BAAB39FB1A94DEB100F6E561 /* AGDefinesExamples */,
				BAAB3A151A94DEB200F6E561 /* AGDefinesExamplesTests */,
				BAAB39FA1A94DEB100F6E561 /* Products */,
			);
			sourceTree = "<group>";
		};
		BAAB39FA1A94DEB100F6E561 /* Products */ = {
			isa = PBXGroup;
			children = (
				BAAB39F91A94DEB100F6E561 /* AGDefinesExamples.app */,
				BAAB3A121A94DEB200F6E561 /* AGDefinesExamplesTests.xctest */,
			);
			name = Products;
			sourceTree = "<group>";
		};
		BAAB39FB1A94DEB100F6E561 /* AGDefinesExamples */ = {
			isa = PBXGroup;
			children = (
				BAAB3A001A94DEB100F6E561 /* AppDelegate.h */,
				BAAB3A011A94DEB100F6E561 /* AppDelegate.m */,
				BAAB3A031A94DEB100F6E561 /* ViewController.h */,
				BAAB3A041A94DEB100F6E561 /* ViewController.m */,
				BAAB3A061A94DEB100F6E561 /* Main.storyboard */,
				BAAB3A091A94DEB100F6E561 /* Images.xcassets */,
				BAAB3A0B1A94DEB100F6E561 /* LaunchScreen.xib */,
				BAAB39FC1A94DEB100F6E561 /* Supporting Files */,
			);
			path = AGDefinesExamples;
			sourceTree = "<group>";
		};
		BAAB39FC1A94DEB100F6E561 /* Supporting Files */ = {
			isa = PBXGroup;
			children = (
				BAAB39FD1A94DEB100F6E561 /* Info.plist */,
				BAAB39FE1A94DEB100F6E561 /* main.m */,
			);
			name = "Supporting Files";
			sourceTree = "<group>";
		};
		BAAB3A151A94DEB200F6E561 /* AGDefinesExamplesTests */ = {
			isa = PBXGroup;
			children = (
				BAAB3A181A94DEB200F6E561 /* AGDefinesExamplesTests.m */,
				BAAB3A161A94DEB200F6E561 /* Supporting Files */,
			);
			path = AGDefinesExamplesTests;
			sourceTree = "<group>";
		};
		BAAB3A161A94DEB200F6E561 /* Supporting Files */ = {
			isa = PBXGroup;
			children = (
				BAAB3A171A94DEB200F6E561 /* Info.plist */,
			);
			name = "Supporting Files";
			sourceTree = "<group>";
		};
		BAAB3A221A94DEF600F6E561 /* AGDefines */ = {
			isa = PBXGroup;
			children = (
				BAAB3A231A94DF0200F6E561 /* AGDefines.h */,
			);
			path = AGDefines;
			sourceTree = "<group>";
		};
/* End PBXGroup section */

/* Begin PBXNativeTarget section */
		BAAB39F81A94DEB100F6E561 /* AGDefinesExamples */ = {
			isa = PBXNativeTarget;
			buildConfigurationList = BAAB3A1C1A94DEB200F6E561 /* Build configuration list for PBXNativeTarget "AGDefinesExamples" */;
			buildPhases = (
				BAAB39F51A94DEB100F6E561 /* Sources */,
				BAAB39F61A94DEB100F6E561 /* Frameworks */,
				BAAB39F71A94DEB100F6E561 /* Resources */,
			);
			buildRules = (
			);
			dependencies = (
			);
			name = AGDefinesExamples;
			productName = AGDefinesExamples;
			productReference = BAAB39F91A94DEB100F6E561 /* AGDefinesExamples.app */;
			productType = "com.apple.product-type.application";
		};
		BAAB3A111A94DEB200F6E561 /* AGDefinesExamplesTests */ = {
			isa = PBXNativeTarget;
			buildConfigurationList = BAAB3A1F1A94DEB200F6E561 /* Build configuration list for PBXNativeTarget "AGDefinesExamplesTests" */;
			buildPhases = (
				BAAB3A0E1A94DEB200F6E561 /* Sources */,
				BAAB3A0F1A94DEB200F6E561 /* Frameworks */,
				BAAB3A101A94DEB200F6E561 /* Resources */,
			);
			buildRules = (
			);
			dependencies = (
				BAAB3A141A94DEB200F6E561 /* PBXTargetDependency */,
			);
			name = AGDefinesExamplesTests;
			productName = AGDefinesExamplesTests;
			productReference = BAAB3A121A94DEB200F6E561 /* AGDefinesExamplesTests.xctest */;
			productType = "com.apple.product-type.bundle.unit-test";
		};
/* End PBXNativeTarget section */

/* Begin PBXProject section */
		BAAB39F11A94DEB100F6E561 /* Project object */ = {
			isa = PBXProject;
			attributes = {
				LastUpgradeCheck = 0610;
				ORGANIZATIONNAME = "Allgoritm LLC";
				TargetAttributes = {
					BAAB39F81A94DEB100F6E561 = {
						CreatedOnToolsVersion = 6.1.1;
					};
					BAAB3A111A94DEB200F6E561 = {
						CreatedOnToolsVersion = 6.1.1;
						TestTargetID = BAAB39F81A94DEB100F6E561;
					};
				};
			};
			buildConfigurationList = BAAB39F41A94DEB100F6E561 /* Build configuration list for PBXProject "AGDefinesExamples" */;
			compatibilityVersion = "Xcode 3.2";
			developmentRegion = English;
			hasScannedForEncodings = 0;
			knownRegions = (
				en,
				Base,
			);
			mainGroup = BAAB39F01A94DEB100F6E561;
			productRefGroup = BAAB39FA1A94DEB100F6E561 /* Products */;
			projectDirPath = "";
			projectRoot = "";
			targets = (
				BAAB39F81A94DEB100F6E561 /* AGDefinesExamples */,
				BAAB3A111A94DEB200F6E561 /* AGDefinesExamplesTests */,
			);
		};
/* End PBXProject section */

/* Begin PBXResourcesBuildPhase section */
		BAAB39F71A94DEB100F6E561 /* Resources */ = {
			isa = PBXResourcesBuildPhase;
			buildActionMask = 2147483647;
			files = (
				BAAB3A081A94DEB100F6E561 /* Main.storyboard in Resources */,
				BAAB3A0D1A94DEB100F6E561 /* LaunchScreen.xib in Resources */,
				BAAB3A0A1A94DEB100F6E561 /* Images.xcassets in Resources */,
			);
			runOnlyForDeploymentPostprocessing = 0;
		};
		BAAB3A101A94DEB200F6E561 /* Resources */ = {
			isa = PBXResourcesBuildPhase;
			buildActionMask = 2147483647;
			files = (
			);
			runOnlyForDeploymentPostprocessing = 0;
		};
/* End PBXResourcesBuildPhase section */

/* Begin PBXSourcesBuildPhase section */
		BAAB39F51A94DEB100F6E561 /* Sources */ = {
			isa = PBXSourcesBuildPhase;
			buildActionMask = 2147483647;
			files = (
				BAAB3A051A94DEB100F6E561 /* ViewController.m in Sources */,
				BAAB3A021A94DEB100F6E561 /* AppDelegate.m in Sources */,
				BAAB39FF1A94DEB100F6E561 /* main.m in Sources */,
			);
			runOnlyForDeploymentPostprocessing = 0;
		};
		BAAB3A0E1A94DEB200F6E561 /* Sources */ = {
			isa = PBXSourcesBuildPhase;
			buildActionMask = 2147483647;
			files = (
				BAAB3A191A94DEB200F6E561 /* AGDefinesExamplesTests.m in Sources */,
			);
			runOnlyForDeploymentPostprocessing = 0;
		};
/* End PBXSourcesBuildPhase section */

/* Begin PBXTargetDependency section */
		BAAB3A141A94DEB200F6E561 /* PBXTargetDependency */ = {
			isa = PBXTargetDependency;
			target = BAAB39F81A94DEB100F6E561 /* AGDefinesExamples */;
			targetProxy = BAAB3A131A94DEB200F6E561 /* PBXContainerItemProxy */;
		};
/* End PBXTargetDependency section */

/* Begin PBXVariantGroup section */
		BAAB3A061A94DEB100F6E561 /* Main.storyboard */ = {
			isa = PBXVariantGroup;
			children = (
				BAAB3A071A94DEB100F6E561 /* Base */,
			);
			name = Main.storyboard;
			sourceTree = "<group>";
		};
		BAAB3A0B1A94DEB100F6E561 /* LaunchScreen.xib */ = {
			isa = PBXVariantGroup;
			children = (
				BAAB3A0C1A94DEB100F6E561 /* Base */,
			);
			name = LaunchScreen.xib;
			sourceTree = "<group>";
		};
/* End PBXVariantGroup section */

/* Begin XCBuildConfiguration section */
		BAAB3A1A1A94DEB200F6E561 /* Debug */ = {
			isa = XCBuildConfiguration;
			buildSettings = {
				ALWAYS_SEARCH_USER_PATHS = NO;
				CLANG_CXX_LANGUAGE_STANDARD = "gnu++0x";
				CLANG_CXX_LIBRARY = "libc++";
				CLANG_ENABLE_MODULES = YES;
				CLANG_ENABLE_OBJC_ARC = YES;
				CLANG_WARN_BOOL_CONVERSION = YES;
				CLANG_WARN_CONSTANT_CONVERSION = YES;
				CLANG_WARN_DIRECT_OBJC_ISA_USAGE = YES_ERROR;
				CLANG_WARN_EMPTY_BODY = YES;
				CLANG_WARN_ENUM_CONVERSION = YES;
				CLANG_WARN_INT_CONVERSION = YES;
				CLANG_WARN_OBJC_ROOT_CLASS = YES_ERROR;
				CLANG_WARN_UNREACHABLE_CODE = YES;
				CLANG_WARN__DUPLICATE_METHOD_MATCH = YES;
				"CODE_SIGN_IDENTITY[sdk=iphoneos*]" = "iPhone Developer";
				COPY_PHASE_STRIP = NO;
				ENABLE_STRICT_OBJC_MSGSEND = YES;
				GCC_C_LANGUAGE_STANDARD = gnu99;
				GCC_DYNAMIC_NO_PIC = NO;
				GCC_OPTIMIZATION_LEVEL = 0;
				GCC_PREPROCESSOR_DEFINITIONS = (
					"DEBUG=1",
					"$(inherited)",
				);
				GCC_SYMBOLS_PRIVATE_EXTERN = NO;
				GCC_WARN_64_TO_32_BIT_CONVERSION = YES;
				GCC_WARN_ABOUT_RETURN_TYPE = YES_ERROR;
				GCC_WARN_UNDECLARED_SELECTOR = YES;
				GCC_WARN_UNINITIALIZED_AUTOS = YES_AGGRESSIVE;
				GCC_WARN_UNUSED_FUNCTION = YES;
				GCC_WARN_UNUSED_VARIABLE = YES;
				IPHONEOS_DEPLOYMENT_TARGET = 8.1;
				MTL_ENABLE_DEBUG_INFO = YES;
				ONLY_ACTIVE_ARCH = YES;
				SDKROOT = iphoneos;
				TARGETED_DEVICE_FAMILY = "1,2";
			};
			name = Debug;
		};
		BAAB3A1B1A94DEB200F6E561 /* Release */ = {
			isa = XCBuildConfiguration;
			buildSettings = {
				ALWAYS_SEARCH_USER_PATHS = NO;
				CLANG_CXX_LANGUAGE_STANDARD = "gnu++0x";
				CLANG_CXX_LIBRARY = "libc++";
				CLANG_ENABLE_MODULES = YES;
				CLANG_ENABLE_OBJC_ARC = YES;
				CLANG_WARN_BOOL_CONVERSION = YES;
				CLANG_WARN_CONSTANT_CONVERSION = YES;
				CLANG_WARN_DIRECT_OBJC_ISA_USAGE = YES_ERROR;
				CLANG_WARN_EMPTY_BODY = YES;
				CLANG_WARN_ENUM_CONVERSION = YES;
				CLANG_WARN_INT_CONVERSION = YES;
				CLANG_WARN_OBJC_ROOT_CLASS = YES_ERROR;
				CLANG_WARN_UNREACHABLE_CODE = YES;
				CLANG_WARN__DUPLICATE_METHOD_MATCH = YES;
				"CODE_SIGN_IDENTITY[sdk=iphoneos*]" = "iPhone Developer";
				COPY_PHASE_STRIP = YES;
				ENABLE_NS_ASSERTIONS = NO;
				ENABLE_STRICT_OBJC_MSGSEND = YES;
				GCC_C_LANGUAGE_STANDARD = gnu99;
				GCC_WARN_64_TO_32_BIT_CONVERSION = YES;
				GCC_WARN_ABOUT_RETURN_TYPE = YES_ERROR;
				GCC_WARN_UNDECLARED_SELECTOR = YES;
				GCC_WARN_UNINITIALIZED_AUTOS = YES_AGGRESSIVE;
				GCC_WARN_UNUSED_FUNCTION = YES;
				GCC_WARN_UNUSED_VARIABLE = YES;
				IPHONEOS_DEPLOYMENT_TARGET = 8.1;
				MTL_ENABLE_DEBUG_INFO = NO;
				SDKROOT = iphoneos;
				TARGETED_DEVICE_FAMILY = "1,2";
				VALIDATE_PRODUCT = YES;
			};
			name = Release;
		};
		BAAB3A1D1A94DEB200F6E561 /* Debug */ = {
			isa = XCBuildConfiguration;
			buildSettings = {
				ASSETCATALOG_COMPILER_APPICON_NAME = AppIcon;
				INFOPLIST_FILE = AGDefinesExamples/Info.plist;
				LD_RUNPATH_SEARCH_PATHS = "$(inherited) @executable_path/Frameworks";
				PRODUCT_NAME = "$(TARGET_NAME)";
			};
			name = Debug;
		};
		BAAB3A1E1A94DEB200F6E561 /* Release */ = {
			isa = XCBuildConfiguration;
			buildSettings = {
				ASSETCATALOG_COMPILER_APPICON_NAME = AppIcon;
				INFOPLIST_FILE = AGDefinesExamples/Info.plist;
				LD_RUNPATH_SEARCH_PATHS = "$(inherited) @executable_path/Frameworks";
				PRODUCT_NAME = "$(TARGET_NAME)";
			};
			name = Release;
		};
		BAAB3A201A94DEB200F6E561 /* Debug */ = {
			isa = XCBuildConfiguration;
			buildSettings = {
				BUNDLE_LOADER = "$(TEST_HOST)";
				FRAMEWORK_SEARCH_PATHS = (
					"$(SDKROOT)/Developer/Library/Frameworks",
					"$(inherited)",
				);
				GCC_PREPROCESSOR_DEFINITIONS = (
					"DEBUG=1",
					"$(inherited)",
				);
				INFOPLIST_FILE = AGDefinesExamplesTests/Info.plist;
				LD_RUNPATH_SEARCH_PATHS = "$(inherited) @executable_path/Frameworks @loader_path/Frameworks";
				PRODUCT_NAME = "$(TARGET_NAME)";
				TEST_HOST = "$(BUILT_PRODUCTS_DIR)/AGDefinesExamples.app/AGDefinesExamples";
			};
			name = Debug;
		};
		BAAB3A211A94DEB200F6E561 /* Release */ = {
			isa = XCBuildConfiguration;
			buildSettings = {
				BUNDLE_LOADER = "$(TEST_HOST)";
				FRAMEWORK_SEARCH_PATHS = (
					"$(SDKROOT)/Developer/Library/Frameworks",
					"$(inherited)",
				);
				INFOPLIST_FILE = AGDefinesExamplesTests/Info.plist;
				LD_RUNPATH_SEARCH_PATHS = "$(inherited) @executable_path/Frameworks @loader_path/Frameworks";
				PRODUCT_NAME = "$(TARGET_NAME)";
				TEST_HOST = "$(BUILT_PRODUCTS_DIR)/AGDefinesExamples.app/AGDefinesExamples";
			};
			name = Release;
		};
/* End XCBuildConfiguration section */

/* Begin XCConfigurationList section */
		BAAB39F41A94DEB100F6E561 /* Build configuration list for PBXProject "AGDefinesExamples" */ = {
			isa = XCConfigurationList;
			buildConfigurations = (
				BAAB3A1A1A94DEB200F6E561 /* Debug */,
				BAAB3A1B1A94DEB200F6E561 /* Release */,
			);
			defaultConfigurationIsVisible = 0;
			defaultConfigurationName = Release;
		};
		BAAB3A1C1A94DEB200F6E561 /* Build configuration list for PBXNativeTarget "AGDefinesExamples" */ = {
			isa = XCConfigurationList;
			buildConfigurations = (
				BAAB3A1D1A94DEB200F6E561 /* Debug */,
				BAAB3A1E1A94DEB200F6E561 /* Release */,
			);
			defaultConfigurationIsVisible = 0;
			defaultConfigurationName = Release;
		};
		BAAB3A1F1A94DEB200F6E561 /* Build configuration list for PBXNativeTarget "AGDefinesExamplesTests" */ = {
			isa = XCConfigurationList;
			buildConfigurations = (
				BAAB3A201A94DEB200F6E561 /* Debug */,
				BAAB3A211A94DEB200F6E561 /* Release */,
			);
			defaultConfigurationIsVisible = 0;
			defaultConfigurationName = Release;
		};
/* End XCConfigurationList section */
	};
	rootObject = BAAB39F11A94DEB100F6E561 /* Project object */;
}
